// !$*UTF8*$!
{
	archiveVersion = 1;
	classes = {
	};
	objectVersion = 46;
	objects = {

/* Begin PBXBuildFile section */
		30EC703C5AD4CE4E73C218D2 /* Pods_KaRide.framework in Frameworks */ = {isa = PBXBuildFile; fileRef = F4D569592FE824C433507E56 /* Pods_KaRide.framework */; };
		472E29A81E61138200282919 /* LoginViewController.swift in Sources */ = {isa = PBXBuildFile; fileRef = 472E29A71E61138200282919 /* LoginViewController.swift */; };
		472E29AA1E61152100282919 /* GoogleService-Info.plist in Resources */ = {isa = PBXBuildFile; fileRef = 472E29A91E61152100282919 /* GoogleService-Info.plist */; };
		472E29AC1E612BE300282919 /* FirebaseHelper.swift in Sources */ = {isa = PBXBuildFile; fileRef = 472E29AB1E612BE300282919 /* FirebaseHelper.swift */; };
		472E29AE1E61332500282919 /* OfferaRideViewController.swift in Sources */ = {isa = PBXBuildFile; fileRef = 472E29AD1E61332500282919 /* OfferaRideViewController.swift */; };
		472E29B41E61436800282919 /* PickerViewController.swift in Sources */ = {isa = PBXBuildFile; fileRef = 472E29B31E61436800282919 /* PickerViewController.swift */; };
		4798EFAF1E602081000A50FE /* AppDelegate.swift in Sources */ = {isa = PBXBuildFile; fileRef = 4798EFAE1E602081000A50FE /* AppDelegate.swift */; };
		4798EFB61E602081000A50FE /* Assets.xcassets in Resources */ = {isa = PBXBuildFile; fileRef = 4798EFB51E602081000A50FE /* Assets.xcassets */; };
		4798EFB91E602081000A50FE /* LaunchScreen.storyboard in Resources */ = {isa = PBXBuildFile; fileRef = 4798EFB71E602081000A50FE /* LaunchScreen.storyboard */; };
		4798EFC31E602819000A50FE /* CitySelectionTableViewController.swift in Sources */ = {isa = PBXBuildFile; fileRef = 4798EFC21E602819000A50FE /* CitySelectionTableViewController.swift */; };
		4798EFC51E602891000A50FE /* Main.storyboard in Resources */ = {isa = PBXBuildFile; fileRef = 4798EFC41E602891000A50FE /* Main.storyboard */; };
		47E8C3481E6185D000800909 /* ProxiHelper.swift in Sources */ = {isa = PBXBuildFile; fileRef = 47E8C3471E6185D000800909 /* ProxiHelper.swift */; };
		47E8C34A1E618CB800800909 /* CitySelectionTableViewCell.swift in Sources */ = {isa = PBXBuildFile; fileRef = 47E8C3491E618CB800800909 /* CitySelectionTableViewCell.swift */; };
		47E8C34C1E61922400800909 /* DatePickerViewController.swift in Sources */ = {isa = PBXBuildFile; fileRef = 47E8C34B1E61922400800909 /* DatePickerViewController.swift */; };
		47E8C34E1E6194F500800909 /* FindaRideViewController.swift in Sources */ = {isa = PBXBuildFile; fileRef = 47E8C34D1E6194F500800909 /* FindaRideViewController.swift */; };
		47E8C3501E62A65700800909 /* OfferDetailsViewController.swift in Sources */ = {isa = PBXBuildFile; fileRef = 47E8C34F1E62A65700800909 /* OfferDetailsViewController.swift */; };
		47E8C3521E62A93A00800909 /* TimePickerViewController.swift in Sources */ = {isa = PBXBuildFile; fileRef = 47E8C3511E62A93A00800909 /* TimePickerViewController.swift */; };
/* End PBXBuildFile section */

/* Begin PBXFileReference section */
		2E5812C8B64CE161BDB06B3E /* Pods-KaRide.release.xcconfig */ = {isa = PBXFileReference; includeInIndex = 1; lastKnownFileType = text.xcconfig; name = "Pods-KaRide.release.xcconfig"; path = "Pods/Target Support Files/Pods-KaRide/Pods-KaRide.release.xcconfig"; sourceTree = "<group>"; };
		472E29A71E61138200282919 /* LoginViewController.swift */ = {isa = PBXFileReference; fileEncoding = 4; lastKnownFileType = sourcecode.swift; path = LoginViewController.swift; sourceTree = "<group>"; };
		472E29A91E61152100282919 /* GoogleService-Info.plist */ = {isa = PBXFileReference; fileEncoding = 4; lastKnownFileType = text.plist.xml; path = "GoogleService-Info.plist"; sourceTree = "<group>"; };
		472E29AB1E612BE300282919 /* FirebaseHelper.swift */ = {isa = PBXFileReference; fileEncoding = 4; lastKnownFileType = sourcecode.swift; path = FirebaseHelper.swift; sourceTree = "<group>"; };
		472E29AD1E61332500282919 /* OfferaRideViewController.swift */ = {isa = PBXFileReference; fileEncoding = 4; lastKnownFileType = sourcecode.swift; path = OfferaRideViewController.swift; sourceTree = "<group>"; };
		472E29B31E61436800282919 /* PickerViewController.swift */ = {isa = PBXFileReference; fileEncoding = 4; lastKnownFileType = sourcecode.swift; path = PickerViewController.swift; sourceTree = "<group>"; };
		4798EFAB1E602081000A50FE /* KaRide.app */ = {isa = PBXFileReference; explicitFileType = wrapper.application; includeInIndex = 0; path = KaRide.app; sourceTree = BUILT_PRODUCTS_DIR; };
		4798EFAE1E602081000A50FE /* AppDelegate.swift */ = {isa = PBXFileReference; lastKnownFileType = sourcecode.swift; path = AppDelegate.swift; sourceTree = "<group>"; };
		4798EFB51E602081000A50FE /* Assets.xcassets */ = {isa = PBXFileReference; lastKnownFileType = folder.assetcatalog; path = Assets.xcassets; sourceTree = "<group>"; };
		4798EFB81E602081000A50FE /* Base */ = {isa = PBXFileReference; lastKnownFileType = file.storyboard; name = Base; path = Base.lproj/LaunchScreen.storyboard; sourceTree = "<group>"; };
		4798EFBA1E602081000A50FE /* Info.plist */ = {isa = PBXFileReference; lastKnownFileType = text.plist.xml; path = Info.plist; sourceTree = "<group>"; };
		4798EFC21E602819000A50FE /* CitySelectionTableViewController.swift */ = {isa = PBXFileReference; fileEncoding = 4; lastKnownFileType = sourcecode.swift; path = CitySelectionTableViewController.swift; sourceTree = "<group>"; };
		4798EFC41E602891000A50FE /* Main.storyboard */ = {isa = PBXFileReference; fileEncoding = 4; lastKnownFileType = file.storyboard; path = Main.storyboard; sourceTree = "<group>"; };
		47E8C3471E6185D000800909 /* ProxiHelper.swift */ = {isa = PBXFileReference; fileEncoding = 4; lastKnownFileType = sourcecode.swift; path = ProxiHelper.swift; sourceTree = "<group>"; };
		47E8C3491E618CB800800909 /* CitySelectionTableViewCell.swift */ = {isa = PBXFileReference; fileEncoding = 4; lastKnownFileType = sourcecode.swift; path = CitySelectionTableViewCell.swift; sourceTree = "<group>"; };
		47E8C34B1E61922400800909 /* DatePickerViewController.swift */ = {isa = PBXFileReference; fileEncoding = 4; lastKnownFileType = sourcecode.swift; path = DatePickerViewController.swift; sourceTree = "<group>"; };
		47E8C34D1E6194F500800909 /* FindaRideViewController.swift */ = {isa = PBXFileReference; fileEncoding = 4; lastKnownFileType = sourcecode.swift; path = FindaRideViewController.swift; sourceTree = "<group>"; };
		47E8C34F1E62A65700800909 /* OfferDetailsViewController.swift */ = {isa = PBXFileReference; fileEncoding = 4; lastKnownFileType = sourcecode.swift; path = OfferDetailsViewController.swift; sourceTree = "<group>"; };
		47E8C3511E62A93A00800909 /* TimePickerViewController.swift */ = {isa = PBXFileReference; fileEncoding = 4; lastKnownFileType = sourcecode.swift; path = TimePickerViewController.swift; sourceTree = "<group>"; };
		C2768E9188168E4506B3E4BC /* Pods-KaRide.debug.xcconfig */ = {isa = PBXFileReference; includeInIndex = 1; lastKnownFileType = text.xcconfig; name = "Pods-KaRide.debug.xcconfig"; path = "Pods/Target Support Files/Pods-KaRide/Pods-KaRide.debug.xcconfig"; sourceTree = "<group>"; };
		F4D569592FE824C433507E56 /* Pods_KaRide.framework */ = {isa = PBXFileReference; explicitFileType = wrapper.framework; includeInIndex = 0; path = Pods_KaRide.framework; sourceTree = BUILT_PRODUCTS_DIR; };
/* End PBXFileReference section */

/* Begin PBXFrameworksBuildPhase section */
		4798EFA81E602081000A50FE /* Frameworks */ = {
			isa = PBXFrameworksBuildPhase;
			buildActionMask = 2147483647;
			files = (
				30EC703C5AD4CE4E73C218D2 /* Pods_KaRide.framework in Frameworks */,
			);
			runOnlyForDeploymentPostprocessing = 0;
		};
/* End PBXFrameworksBuildPhase section */

/* Begin PBXGroup section */
		0180098D9155B88B9DC179EA /* Frameworks */ = {
			isa = PBXGroup;
			children = (
				F4D569592FE824C433507E56 /* Pods_KaRide.framework */,
			);
			name = Frameworks;
			sourceTree = "<group>";
		};
		4798EFA21E602080000A50FE = {
			isa = PBXGroup;
			children = (
				4798EFAD1E602081000A50FE /* KaRide */,
				4798EFAC1E602081000A50FE /* Products */,
				6C269647ADD6F33B81B3D0A4 /* Pods */,
				0180098D9155B88B9DC179EA /* Frameworks */,
			);
			sourceTree = "<group>";
		};
		4798EFAC1E602081000A50FE /* Products */ = {
			isa = PBXGroup;
			children = (
				4798EFAB1E602081000A50FE /* KaRide.app */,
			);
			name = Products;
			sourceTree = "<group>";
		};
		4798EFAD1E602081000A50FE /* KaRide */ = {
			isa = PBXGroup;
			children = (
				472E29A91E61152100282919 /* GoogleService-Info.plist */,
				4798EFC21E602819000A50FE /* CitySelectionTableViewController.swift */,
				4798EFAE1E602081000A50FE /* AppDelegate.swift */,
				4798EFC41E602891000A50FE /* Main.storyboard */,
				47E8C3511E62A93A00800909 /* TimePickerViewController.swift */,
				47E8C34F1E62A65700800909 /* OfferDetailsViewController.swift */,
				47E8C34D1E6194F500800909 /* FindaRideViewController.swift */,
				47E8C34B1E61922400800909 /* DatePickerViewController.swift */,
				47E8C3491E618CB800800909 /* CitySelectionTableViewCell.swift */,
				472E29AD1E61332500282919 /* OfferaRideViewController.swift */,
				472E29A71E61138200282919 /* LoginViewController.swift */,
				4798EFB51E602081000A50FE /* Assets.xcassets */,
				4798EFB71E602081000A50FE /* LaunchScreen.storyboard */,
				4798EFBA1E602081000A50FE /* Info.plist */,
				472E29AB1E612BE300282919 /* FirebaseHelper.swift */,
				472E29B31E61436800282919 /* PickerViewController.swift */,
				47E8C3471E6185D000800909 /* ProxiHelper.swift */,
			);
			path = KaRide;
			sourceTree = "<group>";
		};
		6C269647ADD6F33B81B3D0A4 /* Pods */ = {
			isa = PBXGroup;
			children = (
				C2768E9188168E4506B3E4BC /* Pods-KaRide.debug.xcconfig */,
				2E5812C8B64CE161BDB06B3E /* Pods-KaRide.release.xcconfig */,
			);
			name = Pods;
			sourceTree = "<group>";
		};
/* End PBXGroup section */

/* Begin PBXNativeTarget section */
		4798EFAA1E602081000A50FE /* KaRide */ = {
			isa = PBXNativeTarget;
			buildConfigurationList = 4798EFBD1E602081000A50FE /* Build configuration list for PBXNativeTarget "KaRide" */;
			buildPhases = (
				BA77B257C82FABF158C40133 /* [CP] Check Pods Manifest.lock */,
				4798EFA71E602081000A50FE /* Sources */,
				4798EFA81E602081000A50FE /* Frameworks */,
				4798EFA91E602081000A50FE /* Resources */,
				0C2C88C78B62889F4B330C72 /* [CP] Embed Pods Frameworks */,
				4526F38D9AC967494BBCC984 /* [CP] Copy Pods Resources */,
			);
			buildRules = (
			);
			dependencies = (
			);
			name = KaRide;
			productName = KaRide;
			productReference = 4798EFAB1E602081000A50FE /* KaRide.app */;
			productType = "com.apple.product-type.application";
		};
/* End PBXNativeTarget section */

/* Begin PBXProject section */
		4798EFA31E602080000A50FE /* Project object */ = {
			isa = PBXProject;
			attributes = {
				LastSwiftUpdateCheck = 0820;
				LastUpgradeCheck = 0820;
				ORGANIZATIONNAME = "Ilia Tikhomirov";
				TargetAttributes = {
					4798EFAA1E602081000A50FE = {
						CreatedOnToolsVersion = 8.2.1;
						DevelopmentTeam = DJE44ZPPJW;
						ProvisioningStyle = Automatic;
					};
				};
			};
			buildConfigurationList = 4798EFA61E602080000A50FE /* Build configuration list for PBXProject "KaRide" */;
			compatibilityVersion = "Xcode 3.2";
			developmentRegion = English;
			hasScannedForEncodings = 0;
			knownRegions = (
				en,
				Base,
			);
			mainGroup = 4798EFA21E602080000A50FE;
			productRefGroup = 4798EFAC1E602081000A50FE /* Products */;
			projectDirPath = "";
			projectRoot = "";
			targets = (
				4798EFAA1E602081000A50FE /* KaRide */,
			);
		};
/* End PBXProject section */

/* Begin PBXResourcesBuildPhase section */
		4798EFA91E602081000A50FE /* Resources */ = {
			isa = PBXResourcesBuildPhase;
			buildActionMask = 2147483647;
			files = (
				4798EFC51E602891000A50FE /* Main.storyboard in Resources */,
				472E29AA1E61152100282919 /* GoogleService-Info.plist in Resources */,
				4798EFB91E602081000A50FE /* LaunchScreen.storyboard in Resources */,
				4798EFB61E602081000A50FE /* Assets.xcassets in Resources */,
			);
			runOnlyForDeploymentPostprocessing = 0;
		};
/* End PBXResourcesBuildPhase section */

/* Begin PBXShellScriptBuildPhase section */
		0C2C88C78B62889F4B330C72 /* [CP] Embed Pods Frameworks */ = {
			isa = PBXShellScriptBuildPhase;
			buildActionMask = 2147483647;
			files = (
			);
			inputPaths = (
			);
			name = "[CP] Embed Pods Frameworks";
			outputPaths = (
			);
			runOnlyForDeploymentPostprocessing = 0;
			shellPath = /bin/sh;
			shellScript = "\"${SRCROOT}/Pods/Target Support Files/Pods-KaRide/Pods-KaRide-frameworks.sh\"\n";
			showEnvVarsInLog = 0;
		};
		4526F38D9AC967494BBCC984 /* [CP] Copy Pods Resources */ = {
			isa = PBXShellScriptBuildPhase;
			buildActionMask = 2147483647;
			files = (
			);
			inputPaths = (
			);
			name = "[CP] Copy Pods Resources";
			outputPaths = (
			);
			runOnlyForDeploymentPostprocessing = 0;
			shellPath = /bin/sh;
			shellScript = "\"${SRCROOT}/Pods/Target Support Files/Pods-KaRide/Pods-KaRide-resources.sh\"\n";
			showEnvVarsInLog = 0;
		};
		BA77B257C82FABF158C40133 /* [CP] Check Pods Manifest.lock */ = {
			isa = PBXShellScriptBuildPhase;
			buildActionMask = 2147483647;
			files = (
			);
			inputPaths = (
			);
			name = "[CP] Check Pods Manifest.lock";
			outputPaths = (
			);
			runOnlyForDeploymentPostprocessing = 0;
			shellPath = /bin/sh;
			shellScript = "diff \"${PODS_ROOT}/../Podfile.lock\" \"${PODS_ROOT}/Manifest.lock\" > /dev/null\nif [ $? != 0 ] ; then\n    # print error to STDERR\n    echo \"error: The sandbox is not in sync with the Podfile.lock. Run 'pod install' or update your CocoaPods installation.\" >&2\n    exit 1\nfi\n";
			showEnvVarsInLog = 0;
		};
/* End PBXShellScriptBuildPhase section */

/* Begin PBXSourcesBuildPhase section */
		4798EFA71E602081000A50FE /* Sources */ = {
			isa = PBXSourcesBuildPhase;
			buildActionMask = 2147483647;
			files = (
				472E29B41E61436800282919 /* PickerViewController.swift in Sources */,
				47E8C3521E62A93A00800909 /* TimePickerViewController.swift in Sources */,
				47E8C3481E6185D000800909 /* ProxiHelper.swift in Sources */,
				47E8C34C1E61922400800909 /* DatePickerViewController.swift in Sources */,
				47E8C34A1E618CB800800909 /* CitySelectionTableViewCell.swift in Sources */,
				472E29AC1E612BE300282919 /* FirebaseHelper.swift in Sources */,
				472E29A81E61138200282919 /* LoginViewController.swift in Sources */,
				472E29AE1E61332500282919 /* OfferaRideViewController.swift in Sources */,
				47E8C34E1E6194F500800909 /* FindaRideViewController.swift in Sources */,
				47E8C3501E62A65700800909 /* OfferDetailsViewController.swift in Sources */,
				4798EFAF1E602081000A50FE /* AppDelegate.swift in Sources */,
				4798EFC31E602819000A50FE /* CitySelectionTableViewController.swift in Sources */,
			);
			runOnlyForDeploymentPostprocessing = 0;
		};
/* End PBXSourcesBuildPhase section */

/* Begin PBXVariantGroup section */
		4798EFB71E602081000A50FE /* LaunchScreen.storyboard */ = {
			isa = PBXVariantGroup;
			children = (
				4798EFB81E602081000A50FE /* Base */,
			);
			name = LaunchScreen.storyboard;
			sourceTree = "<group>";
		};
/* End PBXVariantGroup section */

/* Begin XCBuildConfiguration section */
		4798EFBB1E602081000A50FE /* Debug */ = {
			isa = XCBuildConfiguration;
			buildSettings = {
				ALWAYS_SEARCH_USER_PATHS = NO;
				CLANG_ANALYZER_NONNULL = YES;
				CLANG_CXX_LANGUAGE_STANDARD = "gnu++0x";
				CLANG_CXX_LIBRARY = "libc++";
				CLANG_ENABLE_MODULES = YES;
				CLANG_ENABLE_OBJC_ARC = YES;
				CLANG_WARN_BOOL_CONVERSION = YES;
				CLANG_WARN_CONSTANT_CONVERSION = YES;
				CLANG_WARN_DIRECT_OBJC_ISA_USAGE = YES_ERROR;
				CLANG_WARN_DOCUMENTATION_COMMENTS = YES;
				CLANG_WARN_EMPTY_BODY = YES;
				CLANG_WARN_ENUM_CONVERSION = YES;
				CLANG_WARN_INFINITE_RECURSION = YES;
				CLANG_WARN_INT_CONVERSION = YES;
				CLANG_WARN_OBJC_ROOT_CLASS = YES_ERROR;
				CLANG_WARN_SUSPICIOUS_MOVE = YES;
				CLANG_WARN_UNREACHABLE_CODE = YES;
				CLANG_WARN__DUPLICATE_METHOD_MATCH = YES;
				"CODE_SIGN_IDENTITY[sdk=iphoneos*]" = "iPhone Developer";
				COPY_PHASE_STRIP = NO;
				DEBUG_INFORMATION_FORMAT = dwarf;
				ENABLE_STRICT_OBJC_MSGSEND = YES;
				ENABLE_TESTABILITY = YES;
				GCC_C_LANGUAGE_STANDARD = gnu99;
				GCC_DYNAMIC_NO_PIC = NO;
				GCC_NO_COMMON_BLOCKS = YES;
				GCC_OPTIMIZATION_LEVEL = 0;
				GCC_PREPROCESSOR_DEFINITIONS = (
					"DEBUG=1",
					"$(inherited)",
				);
				GCC_WARN_64_TO_32_BIT_CONVERSION = YES;
				GCC_WARN_ABOUT_RETURN_TYPE = YES_ERROR;
				GCC_WARN_UNDECLARED_SELECTOR = YES;
				GCC_WARN_UNINITIALIZED_AUTOS = YES_AGGRESSIVE;
				GCC_WARN_UNUSED_FUNCTION = YES;
				GCC_WARN_UNUSED_VARIABLE = YES;
				IPHONEOS_DEPLOYMENT_TARGET = 10.2;
				MTL_ENABLE_DEBUG_INFO = YES;
				ONLY_ACTIVE_ARCH = YES;
				SDKROOT = iphoneos;
				SWIFT_ACTIVE_COMPILATION_CONDITIONS = DEBUG;
				SWIFT_OPTIMIZATION_LEVEL = "-Onone";
			};
			name = Debug;
		};
		4798EFBC1E602081000A50FE /* Release */ = {
			isa = XCBuildConfiguration;
			buildSettings = {
				ALWAYS_SEARCH_USER_PATHS = NO;
				CLANG_ANALYZER_NONNULL = YES;
				CLANG_CXX_LANGUAGE_STANDARD = "gnu++0x";
				CLANG_CXX_LIBRARY = "libc++";
				CLANG_ENABLE_MODULES = YES;
				CLANG_ENABLE_OBJC_ARC = YES;
				CLANG_WARN_BOOL_CONVERSION = YES;
				CLANG_WARN_CONSTANT_CONVERSION = YES;
				CLANG_WARN_DIRECT_OBJC_ISA_USAGE = YES_ERROR;
				CLANG_WARN_DOCUMENTATION_COMMENTS = YES;
				CLANG_WARN_EMPTY_BODY = YES;
				CLANG_WARN_ENUM_CONVERSION = YES;
				CLANG_WARN_INFINITE_RECURSION = YES;
				CLANG_WARN_INT_CONVERSION = YES;
				CLANG_WARN_OBJC_ROOT_CLASS = YES_ERROR;
				CLANG_WARN_SUSPICIOUS_MOVE = YES;
				CLANG_WARN_UNREACHABLE_CODE = YES;
				CLANG_WARN__DUPLICATE_METHOD_MATCH = YES;
				"CODE_SIGN_IDENTITY[sdk=iphoneos*]" = "iPhone Developer";
				COPY_PHASE_STRIP = NO;
				DEBUG_INFORMATION_FORMAT = "dwarf-with-dsym";
				ENABLE_NS_ASSERTIONS = NO;
				ENABLE_STRICT_OBJC_MSGSEND = YES;
				GCC_C_LANGUAGE_STANDARD = gnu99;
				GCC_NO_COMMON_BLOCKS = YES;
				GCC_WARN_64_TO_32_BIT_CONVERSION = YES;
				GCC_WARN_ABOUT_RETURN_TYPE = YES_ERROR;
				GCC_WARN_UNDECLARED_SELECTOR = YES;
				GCC_WARN_UNINITIALIZED_AUTOS = YES_AGGRESSIVE;
				GCC_WARN_UNUSED_FUNCTION = YES;
				GCC_WARN_UNUSED_VARIABLE = YES;
				IPHONEOS_DEPLOYMENT_TARGET = 10.2;
				MTL_ENABLE_DEBUG_INFO = NO;
				SDKROOT = iphoneos;
				SWIFT_OPTIMIZATION_LEVEL = "-Owholemodule";
				VALIDATE_PRODUCT = YES;
			};
			name = Release;
		};
		4798EFBE1E602081000A50FE /* Debug */ = {
			isa = XCBuildConfiguration;
			baseConfigurationReference = C2768E9188168E4506B3E4BC /* Pods-KaRide.debug.xcconfig */;
			buildSettings = {
				ASSETCATALOG_COMPILER_APPICON_NAME = AppIcon;
				DEVELOPMENT_TEAM = DJE44ZPPJW;
				INFOPLIST_FILE = KaRide/Info.plist;
				LD_RUNPATH_SEARCH_PATHS = "$(inherited) @executable_path/Frameworks";
				PRODUCT_BUNDLE_IDENTIFIER = com.thm.KaRide;
				PRODUCT_NAME = "$(TARGET_NAME)";
				SWIFT_VERSION = 3.0;
			};
			name = Debug;
		};
		4798EFBF1E602081000A50FE /* Release */ = {
			isa = XCBuildConfiguration;
			baseConfigurationReference = 2E5812C8B64CE161BDB06B3E /* Pods-KaRide.release.xcconfig */;
			buildSettings = {
				ASSETCATALOG_COMPILER_APPICON_NAME = AppIcon;
				DEVELOPMENT_TEAM = DJE44ZPPJW;
				INFOPLIST_FILE = KaRide/Info.plist;
				LD_RUNPATH_SEARCH_PATHS = "$(inherited) @executable_path/Frameworks";
				PRODUCT_BUNDLE_IDENTIFIER = com.thm.KaRide;
				PRODUCT_NAME = "$(TARGET_NAME)";
				SWIFT_VERSION = 3.0;
			};
			name = Release;
		};
/* End XCBuildConfiguration section */

/* Begin XCConfigurationList section */
		4798EFA61E602080000A50FE /* Build configuration list for PBXProject "KaRide" */ = {
			isa = XCConfigurationList;
			buildConfigurations = (
				4798EFBB1E602081000A50FE /* Debug */,
				4798EFBC1E602081000A50FE /* Release */,
			);
			defaultConfigurationIsVisible = 0;
			defaultConfigurationName = Release;
		};
		4798EFBD1E602081000A50FE /* Build configuration list for PBXNativeTarget "KaRide" */ = {
			isa = XCConfigurationList;
			buildConfigurations = (
				4798EFBE1E602081000A50FE /* Debug */,
				4798EFBF1E602081000A50FE /* Release */,
			);
			defaultConfigurationIsVisible = 0;
			defaultConfigurationName = Release;
		};
/* End XCConfigurationList section */
	};
	rootObject = 4798EFA31E602080000A50FE /* Project object */;
}
